dependencies:
- name: postgresql
  repository: https://charts.bitnami.com/bitnami
  version: 10.2.1
- name: rabbitmq
  repository: https://charts.bitnami.com/bitnami
  version: 8.7.4
digest: sha256:16a4b221578a845db302e14c9a3c916d993df504fbca33c29dc16a5e4a4ea77e
generated: "2021-01-25T08:48:16.172752Z"
